// !$*UTF8*$!
{
	archiveVersion = 1;
	classes = {
	};
	objectVersion = 51;
	objects = {

/* Begin PBXBuildFile section */
		4B04E433239B788000D02BC4 /* AppDelegate.swift in Sources */ = {isa = PBXBuildFile; fileRef = 4B04E432239B788000D02BC4 /* AppDelegate.swift */; };
		4B04E435239B788000D02BC4 /* SceneDelegate.swift in Sources */ = {isa = PBXBuildFile; fileRef = 4B04E434239B788000D02BC4 /* SceneDelegate.swift */; };
		4B04E437239B788000D02BC4 /* MainViewController.swift in Sources */ = {isa = PBXBuildFile; fileRef = 4B04E436239B788000D02BC4 /* MainViewController.swift */; };
		4B04E43A239B788100D02BC4 /* Main.storyboard in Resources */ = {isa = PBXBuildFile; fileRef = 4B04E438239B788100D02BC4 /* Main.storyboard */; };
		4B04E43C239B788300D02BC4 /* Assets.xcassets in Resources */ = {isa = PBXBuildFile; fileRef = 4B04E43B239B788300D02BC4 /* Assets.xcassets */; };
		4B04E43F239B788300D02BC4 /* LaunchScreen.storyboard in Resources */ = {isa = PBXBuildFile; fileRef = 4B04E43D239B788300D02BC4 /* LaunchScreen.storyboard */; };
		4B04E44C239B7D1500D02BC4 /* Localizable.strings in Resources */ = {isa = PBXBuildFile; fileRef = 4B04E44E239B7D1500D02BC4 /* Localizable.strings */; };
		4B04E457239B843F00D02BC4 /* LocalizationSystem.swift in Sources */ = {isa = PBXBuildFile; fileRef = 4B04E456239B843F00D02BC4 /* LocalizationSystem.swift */; };
		4B149C3823C5B6230021F5EF /* PdDescriptionCell.swift in Sources */ = {isa = PBXBuildFile; fileRef = 4B149C3723C5B6230021F5EF /* PdDescriptionCell.swift */; };
		4B149C3A23C6111E0021F5EF /* AllPhotosCell.swift in Sources */ = {isa = PBXBuildFile; fileRef = 4B149C3923C6111E0021F5EF /* AllPhotosCell.swift */; };
		4B149C3C23C6116D0021F5EF /* AllPhotosViewController.swift in Sources */ = {isa = PBXBuildFile; fileRef = 4B149C3B23C6116D0021F5EF /* AllPhotosViewController.swift */; };
		4B188D5223C99C9100CBBA36 /* FAQViewController.swift in Sources */ = {isa = PBXBuildFile; fileRef = 4B188D5123C99C9100CBBA36 /* FAQViewController.swift */; };
		4B188D5423C9AAB200CBBA36 /* ProfileViewController.swift in Sources */ = {isa = PBXBuildFile; fileRef = 4B188D5323C9AAB200CBBA36 /* ProfileViewController.swift */; };
		4B188D5823C9F45900CBBA36 /* MenuBar.swift in Sources */ = {isa = PBXBuildFile; fileRef = 4B188D5723C9F45900CBBA36 /* MenuBar.swift */; };
		4B1CE33023A24A7800C0FC01 /* MainCell.swift in Sources */ = {isa = PBXBuildFile; fileRef = 4B1CE32F23A24A7800C0FC01 /* MainCell.swift */; };
		4B2ECC2823D092F100F56435 /* PropertyInfoWindow.xib in Resources */ = {isa = PBXBuildFile; fileRef = 4B2ECC2723D092F100F56435 /* PropertyInfoWindow.xib */; };
		4B2ECC2A23D0947600F56435 /* PropertyInfoWindow.swift in Sources */ = {isa = PBXBuildFile; fileRef = 4B2ECC2923D0947600F56435 /* PropertyInfoWindow.swift */; };
		4B30DEBF23D0464F00069DBC /* MapViewController.swift in Sources */ = {isa = PBXBuildFile; fileRef = 4B30DEBE23D0464F00069DBC /* MapViewController.swift */; };
		4B30DEC123D0494C00069DBC /* MapModel.swift in Sources */ = {isa = PBXBuildFile; fileRef = 4B30DEC023D0494C00069DBC /* MapModel.swift */; };
		4B3666B423D988700062EE8F /* FCalenderViewController.swift in Sources */ = {isa = PBXBuildFile; fileRef = 4B3666B323D988700062EE8F /* FCalenderViewController.swift */; };
		4B3666B623D9B5FF0062EE8F /* DIYCalenderCell.swift in Sources */ = {isa = PBXBuildFile; fileRef = 4B3666B523D9B5FF0062EE8F /* DIYCalenderCell.swift */; };
		4B4008BC23B9F68E00AEE68C /* LandmarkTableViewCell.swift in Sources */ = {isa = PBXBuildFile; fileRef = 4B4008BB23B9F68E00AEE68C /* LandmarkTableViewCell.swift */; };
		4B43047323C73FB200160663 /* TermsAndConditionsCell.swift in Sources */ = {isa = PBXBuildFile; fileRef = 4B43047223C73FB200160663 /* TermsAndConditionsCell.swift */; };
		4B43047523C7401800160663 /* TermsOfUseViewController.swift in Sources */ = {isa = PBXBuildFile; fileRef = 4B43047423C7401800160663 /* TermsOfUseViewController.swift */; };
		4B43047723C7622F00160663 /* PrivacyPolicyCell.swift in Sources */ = {isa = PBXBuildFile; fileRef = 4B43047623C7622F00160663 /* PrivacyPolicyCell.swift */; };
		4B43047923C762EE00160663 /* PrivacyPolicyViewController.swift in Sources */ = {isa = PBXBuildFile; fileRef = 4B43047823C762EE00160663 /* PrivacyPolicyViewController.swift */; };
		4B4BBBAB23C46F1E00DB28C5 /* Reservations.storyboard in Resources */ = {isa = PBXBuildFile; fileRef = 4B4BBBAA23C46F1E00DB28C5 /* Reservations.storyboard */; };
		4B4BBBAD23C46F8200DB28C5 /* Favourites.storyboard in Resources */ = {isa = PBXBuildFile; fileRef = 4B4BBBAC23C46F8200DB28C5 /* Favourites.storyboard */; };
		4B4BBBAF23C46F9F00DB28C5 /* More.storyboard in Resources */ = {isa = PBXBuildFile; fileRef = 4B4BBBAE23C46F9F00DB28C5 /* More.storyboard */; };
		4B4EAB2123CB5CAA005AEBA6 /* MoreTableViewController.swift in Sources */ = {isa = PBXBuildFile; fileRef = 4B4EAB2023CB5CAA005AEBA6 /* MoreTableViewController.swift */; };
		4B6DFE18239E278600543E3F /* ReservationsViewController.swift in Sources */ = {isa = PBXBuildFile; fileRef = 4B6DFE17239E278600543E3F /* ReservationsViewController.swift */; };
		4B6DFE1A239E292800543E3F /* FavoritesViewController.swift in Sources */ = {isa = PBXBuildFile; fileRef = 4B6DFE19239E292800543E3F /* FavoritesViewController.swift */; };
		4B6DFE1E239E299900543E3F /* SearchViewController.swift in Sources */ = {isa = PBXBuildFile; fileRef = 4B6DFE1D239E299900543E3F /* SearchViewController.swift */; };
		4B6DFE21239E84AA00543E3F /* ContactViewController.swift in Sources */ = {isa = PBXBuildFile; fileRef = 4B6DFE20239E84AA00543E3F /* ContactViewController.swift */; };
		4B7870C223ADF5A000D360AC /* BookingTableViewCell.swift in Sources */ = {isa = PBXBuildFile; fileRef = 4B7870C123ADF5A000D360AC /* BookingTableViewCell.swift */; };
		4B7870C523B0D9C100D360AC /* FeatureModel.swift in Sources */ = {isa = PBXBuildFile; fileRef = 4B7870C423B0D9C100D360AC /* FeatureModel.swift */; };
		4B7870C723B0F7D400D360AC /* BookingModel.swift in Sources */ = {isa = PBXBuildFile; fileRef = 4B7870C623B0F7D400D360AC /* BookingModel.swift */; };
		4B7870C923B47D9100D360AC /* PropertyDetailsViewController.swift in Sources */ = {isa = PBXBuildFile; fileRef = 4B7870C823B47D9000D360AC /* PropertyDetailsViewController.swift */; };
		4B83D88823B8CBC2003F38C9 /* FeatureTableViewCell.swift in Sources */ = {isa = PBXBuildFile; fileRef = 4B83D88723B8CBC2003F38C9 /* FeatureTableViewCell.swift */; };
		4B8491F223CD7DFD0094B035 /* MainTabBarController.swift in Sources */ = {isa = PBXBuildFile; fileRef = 4B8491F123CD7DFD0094B035 /* MainTabBarController.swift */; };
		4B8491F423CD83880094B035 /* ReservationTabItem.swift in Sources */ = {isa = PBXBuildFile; fileRef = 4B8491F323CD83880094B035 /* ReservationTabItem.swift */; };
		4B84A0FE23C4A922006E5237 /* Property360Cell.swift in Sources */ = {isa = PBXBuildFile; fileRef = 4B84A0FD23C4A922006E5237 /* Property360Cell.swift */; };
		4B84A10223C4A96F006E5237 /* YoutubeCell.swift in Sources */ = {isa = PBXBuildFile; fileRef = 4B84A10123C4A96F006E5237 /* YoutubeCell.swift */; };
		4B84A10423C4A9FC006E5237 /* PhotoGridCell.swift in Sources */ = {isa = PBXBuildFile; fileRef = 4B84A10323C4A9FC006E5237 /* PhotoGridCell.swift */; };
		4B84A10623C4AA41006E5237 /* NamePolicyCell.swift in Sources */ = {isa = PBXBuildFile; fileRef = 4B84A10523C4AA41006E5237 /* NamePolicyCell.swift */; };
		4B84A10823C4AA67006E5237 /* FeatureCell.swift in Sources */ = {isa = PBXBuildFile; fileRef = 4B84A10723C4AA67006E5237 /* FeatureCell.swift */; };
		4B84A10A23C4AA7D006E5237 /* LandmarkCell.swift in Sources */ = {isa = PBXBuildFile; fileRef = 4B84A10923C4AA7D006E5237 /* LandmarkCell.swift */; };
		4B84A10C23C4AA9F006E5237 /* PropertyMapCell.swift in Sources */ = {isa = PBXBuildFile; fileRef = 4B84A10B23C4AA9F006E5237 /* PropertyMapCell.swift */; };
		4B84A10E23C4B135006E5237 /* TbPropertyDetailsViewController.swift in Sources */ = {isa = PBXBuildFile; fileRef = 4B84A10D23C4B135006E5237 /* TbPropertyDetailsViewController.swift */; };
		4B8A9D7123D5A2550019EC17 /* AllPhotoGalleryModel.swift in Sources */ = {isa = PBXBuildFile; fileRef = 4B8A9D7023D5A2550019EC17 /* AllPhotoGalleryModel.swift */; };
		4B9012BE23B768B100E8C59D /* StaticUrls.swift in Sources */ = {isa = PBXBuildFile; fileRef = 4B9012BD23B768B100E8C59D /* StaticUrls.swift */; };
		4B9012C423B775AC00E8C59D /* PhotosModel.swift in Sources */ = {isa = PBXBuildFile; fileRef = 4B9012C323B775AC00E8C59D /* PhotosModel.swift */; };
		4B93206E23B7A5B5005861DD /* CustomCollectionGrid.swift in Sources */ = {isa = PBXBuildFile; fileRef = 4B93206D23B7A5B5005861DD /* CustomCollectionGrid.swift */; };
		4B9C21EF23CC545400090E94 /* ContactTableViewController.swift in Sources */ = {isa = PBXBuildFile; fileRef = 4B9C21EE23CC545400090E94 /* ContactTableViewController.swift */; };
		4BABFAB723A8BCE400F34EA4 /* addPropertyTermsViewController.swift in Sources */ = {isa = PBXBuildFile; fileRef = 4BABFAB623A8BCE400F34EA4 /* addPropertyTermsViewController.swift */; };
		4BABFAB923A900D900F34EA4 /* iOSDropDown.framework in Frameworks */ = {isa = PBXBuildFile; fileRef = 4BABFAB823A900D900F34EA4 /* iOSDropDown.framework */; };
		4BABFABB23AA647900F34EA4 /* BookingViewController.swift in Sources */ = {isa = PBXBuildFile; fileRef = 4BABFABA23AA647900F34EA4 /* BookingViewController.swift */; };
		4BEB3D4123CEECD7004C7F33 /* Search.storyboard in Resources */ = {isa = PBXBuildFile; fileRef = 4BEB3D4323CEECD7004C7F33 /* Search.storyboard */; };
		875FBF4D4627B61E14B5C514 /* Pods_Alama360.framework in Frameworks */ = {isa = PBXBuildFile; fileRef = DBFCD9432EC28BE6EAE7BBFC /* Pods_Alama360.framework */; };
/* End PBXBuildFile section */

/* Begin PBXFileReference section */
		4B04E42F239B788000D02BC4 /* Alama360.app */ = {isa = PBXFileReference; explicitFileType = wrapper.application; includeInIndex = 0; path = Alama360.app; sourceTree = BUILT_PRODUCTS_DIR; };
		4B04E432239B788000D02BC4 /* AppDelegate.swift */ = {isa = PBXFileReference; lastKnownFileType = sourcecode.swift; path = AppDelegate.swift; sourceTree = "<group>"; };
		4B04E434239B788000D02BC4 /* SceneDelegate.swift */ = {isa = PBXFileReference; lastKnownFileType = sourcecode.swift; path = SceneDelegate.swift; sourceTree = "<group>"; };
		4B04E436239B788000D02BC4 /* MainViewController.swift */ = {isa = PBXFileReference; lastKnownFileType = sourcecode.swift; path = MainViewController.swift; sourceTree = "<group>"; };
		4B04E439239B788100D02BC4 /* Base */ = {isa = PBXFileReference; lastKnownFileType = file.storyboard; name = Base; path = Base.lproj/Main.storyboard; sourceTree = "<group>"; };
		4B04E43B239B788300D02BC4 /* Assets.xcassets */ = {isa = PBXFileReference; lastKnownFileType = folder.assetcatalog; path = Assets.xcassets; sourceTree = "<group>"; };
		4B04E43E239B788300D02BC4 /* Base */ = {isa = PBXFileReference; lastKnownFileType = file.storyboard; name = Base; path = Base.lproj/LaunchScreen.storyboard; sourceTree = "<group>"; };
		4B04E440239B788300D02BC4 /* Info.plist */ = {isa = PBXFileReference; lastKnownFileType = text.plist.xml; path = Info.plist; sourceTree = "<group>"; };
		4B04E449239B7C7B00D02BC4 /* ar */ = {isa = PBXFileReference; lastKnownFileType = text.plist.strings; name = ar; path = ar.lproj/LaunchScreen.strings; sourceTree = "<group>"; };
		4B04E44D239B7D1500D02BC4 /* ar */ = {isa = PBXFileReference; lastKnownFileType = text.plist.strings; name = ar; path = ar.lproj/Localizable.strings; sourceTree = "<group>"; };
		4B04E44F239B7D1F00D02BC4 /* en */ = {isa = PBXFileReference; lastKnownFileType = text.plist.strings; name = en; path = en.lproj/Localizable.strings; sourceTree = "<group>"; };
		4B04E456239B843F00D02BC4 /* LocalizationSystem.swift */ = {isa = PBXFileReference; fileEncoding = 4; lastKnownFileType = sourcecode.swift; name = LocalizationSystem.swift; path = "../../../IOS-Practices/Localization_to_Arabic_laguage_From_Inside_App-Tutorial-master/Localization-Tutorial/LocalizationSystem.swift"; sourceTree = "<group>"; };
		4B149C3723C5B6230021F5EF /* PdDescriptionCell.swift */ = {isa = PBXFileReference; lastKnownFileType = sourcecode.swift; path = PdDescriptionCell.swift; sourceTree = "<group>"; };
		4B149C3923C6111E0021F5EF /* AllPhotosCell.swift */ = {isa = PBXFileReference; lastKnownFileType = sourcecode.swift; path = AllPhotosCell.swift; sourceTree = "<group>"; };
		4B149C3B23C6116D0021F5EF /* AllPhotosViewController.swift */ = {isa = PBXFileReference; lastKnownFileType = sourcecode.swift; path = AllPhotosViewController.swift; sourceTree = "<group>"; };
		4B188D5123C99C9100CBBA36 /* FAQViewController.swift */ = {isa = PBXFileReference; lastKnownFileType = sourcecode.swift; path = FAQViewController.swift; sourceTree = "<group>"; };
		4B188D5323C9AAB200CBBA36 /* ProfileViewController.swift */ = {isa = PBXFileReference; lastKnownFileType = sourcecode.swift; path = ProfileViewController.swift; sourceTree = "<group>"; };
		4B188D5723C9F45900CBBA36 /* MenuBar.swift */ = {isa = PBXFileReference; lastKnownFileType = sourcecode.swift; path = MenuBar.swift; sourceTree = "<group>"; };
		4B1CE32F23A24A7800C0FC01 /* MainCell.swift */ = {isa = PBXFileReference; lastKnownFileType = sourcecode.swift; path = MainCell.swift; sourceTree = "<group>"; };
		4B2ECC2723D092F100F56435 /* PropertyInfoWindow.xib */ = {isa = PBXFileReference; lastKnownFileType = file.xib; path = PropertyInfoWindow.xib; sourceTree = "<group>"; };
		4B2ECC2923D0947600F56435 /* PropertyInfoWindow.swift */ = {isa = PBXFileReference; lastKnownFileType = sourcecode.swift; path = PropertyInfoWindow.swift; sourceTree = "<group>"; };
		4B30DEBE23D0464F00069DBC /* MapViewController.swift */ = {isa = PBXFileReference; lastKnownFileType = sourcecode.swift; path = MapViewController.swift; sourceTree = "<group>"; };
		4B30DEC023D0494C00069DBC /* MapModel.swift */ = {isa = PBXFileReference; lastKnownFileType = sourcecode.swift; path = MapModel.swift; sourceTree = "<group>"; };
		4B3666B323D988700062EE8F /* FCalenderViewController.swift */ = {isa = PBXFileReference; lastKnownFileType = sourcecode.swift; path = FCalenderViewController.swift; sourceTree = "<group>"; };
		4B3666B523D9B5FF0062EE8F /* DIYCalenderCell.swift */ = {isa = PBXFileReference; lastKnownFileType = sourcecode.swift; path = DIYCalenderCell.swift; sourceTree = "<group>"; };
		4B4008BB23B9F68E00AEE68C /* LandmarkTableViewCell.swift */ = {isa = PBXFileReference; lastKnownFileType = sourcecode.swift; path = LandmarkTableViewCell.swift; sourceTree = "<group>"; };
		4B43047223C73FB200160663 /* TermsAndConditionsCell.swift */ = {isa = PBXFileReference; lastKnownFileType = sourcecode.swift; path = TermsAndConditionsCell.swift; sourceTree = "<group>"; };
		4B43047423C7401800160663 /* TermsOfUseViewController.swift */ = {isa = PBXFileReference; lastKnownFileType = sourcecode.swift; path = TermsOfUseViewController.swift; sourceTree = "<group>"; };
		4B43047623C7622F00160663 /* PrivacyPolicyCell.swift */ = {isa = PBXFileReference; lastKnownFileType = sourcecode.swift; path = PrivacyPolicyCell.swift; sourceTree = "<group>"; };
		4B43047823C762EE00160663 /* PrivacyPolicyViewController.swift */ = {isa = PBXFileReference; lastKnownFileType = sourcecode.swift; path = PrivacyPolicyViewController.swift; sourceTree = "<group>"; };
		4B4BBBAA23C46F1E00DB28C5 /* Reservations.storyboard */ = {isa = PBXFileReference; lastKnownFileType = file.storyboard; path = Reservations.storyboard; sourceTree = "<group>"; };
		4B4BBBAC23C46F8200DB28C5 /* Favourites.storyboard */ = {isa = PBXFileReference; lastKnownFileType = file.storyboard; path = Favourites.storyboard; sourceTree = "<group>"; };
		4B4BBBAE23C46F9F00DB28C5 /* More.storyboard */ = {isa = PBXFileReference; lastKnownFileType = file.storyboard; path = More.storyboard; sourceTree = "<group>"; };
		4B4EAB2023CB5CAA005AEBA6 /* MoreTableViewController.swift */ = {isa = PBXFileReference; lastKnownFileType = sourcecode.swift; path = MoreTableViewController.swift; sourceTree = "<group>"; };
		4B6DFE17239E278600543E3F /* ReservationsViewController.swift */ = {isa = PBXFileReference; lastKnownFileType = sourcecode.swift; path = ReservationsViewController.swift; sourceTree = "<group>"; };
		4B6DFE19239E292800543E3F /* FavoritesViewController.swift */ = {isa = PBXFileReference; lastKnownFileType = sourcecode.swift; path = FavoritesViewController.swift; sourceTree = "<group>"; };
		4B6DFE1D239E299900543E3F /* SearchViewController.swift */ = {isa = PBXFileReference; lastKnownFileType = sourcecode.swift; path = SearchViewController.swift; sourceTree = "<group>"; };
		4B6DFE20239E84AA00543E3F /* ContactViewController.swift */ = {isa = PBXFileReference; lastKnownFileType = sourcecode.swift; path = ContactViewController.swift; sourceTree = "<group>"; };
		4B7870C123ADF5A000D360AC /* BookingTableViewCell.swift */ = {isa = PBXFileReference; lastKnownFileType = sourcecode.swift; path = BookingTableViewCell.swift; sourceTree = "<group>"; };
		4B7870C423B0D9C100D360AC /* FeatureModel.swift */ = {isa = PBXFileReference; lastKnownFileType = sourcecode.swift; path = FeatureModel.swift; sourceTree = "<group>"; };
		4B7870C623B0F7D400D360AC /* BookingModel.swift */ = {isa = PBXFileReference; lastKnownFileType = sourcecode.swift; path = BookingModel.swift; sourceTree = "<group>"; };
		4B7870C823B47D9000D360AC /* PropertyDetailsViewController.swift */ = {isa = PBXFileReference; lastKnownFileType = sourcecode.swift; path = PropertyDetailsViewController.swift; sourceTree = "<group>"; };
		4B83D88723B8CBC2003F38C9 /* FeatureTableViewCell.swift */ = {isa = PBXFileReference; lastKnownFileType = sourcecode.swift; path = FeatureTableViewCell.swift; sourceTree = "<group>"; };
		4B8491F123CD7DFD0094B035 /* MainTabBarController.swift */ = {isa = PBXFileReference; lastKnownFileType = sourcecode.swift; path = MainTabBarController.swift; sourceTree = "<group>"; };
		4B8491F323CD83880094B035 /* ReservationTabItem.swift */ = {isa = PBXFileReference; lastKnownFileType = sourcecode.swift; path = ReservationTabItem.swift; sourceTree = "<group>"; };
		4B84A0FD23C4A922006E5237 /* Property360Cell.swift */ = {isa = PBXFileReference; lastKnownFileType = sourcecode.swift; path = Property360Cell.swift; sourceTree = "<group>"; };
		4B84A10123C4A96F006E5237 /* YoutubeCell.swift */ = {isa = PBXFileReference; lastKnownFileType = sourcecode.swift; path = YoutubeCell.swift; sourceTree = "<group>"; };
		4B84A10323C4A9FC006E5237 /* PhotoGridCell.swift */ = {isa = PBXFileReference; lastKnownFileType = sourcecode.swift; path = PhotoGridCell.swift; sourceTree = "<group>"; };
		4B84A10523C4AA41006E5237 /* NamePolicyCell.swift */ = {isa = PBXFileReference; lastKnownFileType = sourcecode.swift; path = NamePolicyCell.swift; sourceTree = "<group>"; };
		4B84A10723C4AA67006E5237 /* FeatureCell.swift */ = {isa = PBXFileReference; lastKnownFileType = sourcecode.swift; path = FeatureCell.swift; sourceTree = "<group>"; };
		4B84A10923C4AA7D006E5237 /* LandmarkCell.swift */ = {isa = PBXFileReference; lastKnownFileType = sourcecode.swift; path = LandmarkCell.swift; sourceTree = "<group>"; };
		4B84A10B23C4AA9F006E5237 /* PropertyMapCell.swift */ = {isa = PBXFileReference; lastKnownFileType = sourcecode.swift; path = PropertyMapCell.swift; sourceTree = "<group>"; };
		4B84A10D23C4B135006E5237 /* TbPropertyDetailsViewController.swift */ = {isa = PBXFileReference; lastKnownFileType = sourcecode.swift; path = TbPropertyDetailsViewController.swift; sourceTree = "<group>"; };
		4B8A9D7023D5A2550019EC17 /* AllPhotoGalleryModel.swift */ = {isa = PBXFileReference; lastKnownFileType = sourcecode.swift; path = AllPhotoGalleryModel.swift; sourceTree = "<group>"; };
		4B9012BD23B768B100E8C59D /* StaticUrls.swift */ = {isa = PBXFileReference; lastKnownFileType = sourcecode.swift; path = StaticUrls.swift; sourceTree = "<group>"; };
		4B9012C323B775AC00E8C59D /* PhotosModel.swift */ = {isa = PBXFileReference; lastKnownFileType = sourcecode.swift; path = PhotosModel.swift; sourceTree = "<group>"; };
		4B93206D23B7A5B5005861DD /* CustomCollectionGrid.swift */ = {isa = PBXFileReference; lastKnownFileType = sourcecode.swift; path = CustomCollectionGrid.swift; sourceTree = "<group>"; };
		4B9C21EE23CC545400090E94 /* ContactTableViewController.swift */ = {isa = PBXFileReference; lastKnownFileType = sourcecode.swift; path = ContactTableViewController.swift; sourceTree = "<group>"; };
		4BABFAB623A8BCE400F34EA4 /* addPropertyTermsViewController.swift */ = {isa = PBXFileReference; lastKnownFileType = sourcecode.swift; path = addPropertyTermsViewController.swift; sourceTree = "<group>"; };
		4BABFAB823A900D900F34EA4 /* iOSDropDown.framework */ = {isa = PBXFileReference; explicitFileType = wrapper.framework; path = iOSDropDown.framework; sourceTree = BUILT_PRODUCTS_DIR; };
		4BABFABA23AA647900F34EA4 /* BookingViewController.swift */ = {isa = PBXFileReference; lastKnownFileType = sourcecode.swift; path = BookingViewController.swift; sourceTree = "<group>"; };
		4BEB3D4223CEECD7004C7F33 /* Base */ = {isa = PBXFileReference; lastKnownFileType = file.storyboard; name = Base; path = Base.lproj/Search.storyboard; sourceTree = "<group>"; };
		4BEB3D4523CEED0C004C7F33 /* ar */ = {isa = PBXFileReference; lastKnownFileType = text.plist.strings; name = ar; path = ar.lproj/Search.strings; sourceTree = "<group>"; };
		4BEB3D4923CEFD6B004C7F33 /* ar */ = {isa = PBXFileReference; lastKnownFileType = text.plist.strings; name = ar; path = ar.lproj/Main.strings; sourceTree = "<group>"; };
		61791E7D0797207E2B2380D0 /* Pods-Alama360.release.xcconfig */ = {isa = PBXFileReference; includeInIndex = 1; lastKnownFileType = text.xcconfig; name = "Pods-Alama360.release.xcconfig"; path = "Target Support Files/Pods-Alama360/Pods-Alama360.release.xcconfig"; sourceTree = "<group>"; };
		AFFB3C0B381BEDFC77A7831A /* Pods-Alama360.debug.xcconfig */ = {isa = PBXFileReference; includeInIndex = 1; lastKnownFileType = text.xcconfig; name = "Pods-Alama360.debug.xcconfig"; path = "Target Support Files/Pods-Alama360/Pods-Alama360.debug.xcconfig"; sourceTree = "<group>"; };
		DBFCD9432EC28BE6EAE7BBFC /* Pods_Alama360.framework */ = {isa = PBXFileReference; explicitFileType = wrapper.framework; includeInIndex = 0; path = Pods_Alama360.framework; sourceTree = BUILT_PRODUCTS_DIR; };
/* End PBXFileReference section */

/* Begin PBXFrameworksBuildPhase section */
		4B04E42C239B788000D02BC4 /* Frameworks */ = {
			isa = PBXFrameworksBuildPhase;
			buildActionMask = 2147483647;
			files = (
				4BABFAB923A900D900F34EA4 /* iOSDropDown.framework in Frameworks */,
				875FBF4D4627B61E14B5C514 /* Pods_Alama360.framework in Frameworks */,
			);
			runOnlyForDeploymentPostprocessing = 0;
		};
/* End PBXFrameworksBuildPhase section */

/* Begin PBXGroup section */
		3DC409E57523834DB58C98FD /* Frameworks */ = {
			isa = PBXGroup;
			children = (
				4BABFAB823A900D900F34EA4 /* iOSDropDown.framework */,
				DBFCD9432EC28BE6EAE7BBFC /* Pods_Alama360.framework */,
			);
			name = Frameworks;
			sourceTree = "<group>";
		};
		4B04E426239B788000D02BC4 = {
			isa = PBXGroup;
			children = (
				4B04E431239B788000D02BC4 /* Alama360 */,
				4B04E430239B788000D02BC4 /* Products */,
				68D18603BAA83C38C43C5D71 /* Pods */,
				3DC409E57523834DB58C98FD /* Frameworks */,
			);
			sourceTree = "<group>";
		};
		4B04E430239B788000D02BC4 /* Products */ = {
			isa = PBXGroup;
			children = (
				4B04E42F239B788000D02BC4 /* Alama360.app */,
			);
			name = Products;
			sourceTree = "<group>";
		};
		4B04E431239B788000D02BC4 /* Alama360 */ = {
			isa = PBXGroup;
			children = (
				4B4BBBB023C46FD900DB28C5 /* Tables */,
				4B4BBBA723C46E9200DB28C5 /* Views */,
				4B83D88423B8C70B003F38C9 /* Extentions */,
				4B9012BA23B75C2800E8C59D /* Utils */,
				4B7870C323AF7B4C00D360AC /* Model */,
				4B6DFE1F239E29A900543E3F /* Controllers */,
				4B04E432239B788000D02BC4 /* AppDelegate.swift */,
				4B04E434239B788000D02BC4 /* SceneDelegate.swift */,
				4B04E456239B843F00D02BC4 /* LocalizationSystem.swift */,
				4B04E44E239B7D1500D02BC4 /* Localizable.strings */,
				4B1CE32F23A24A7800C0FC01 /* MainCell.swift */,
				4B04E43B239B788300D02BC4 /* Assets.xcassets */,
				4B04E440239B788300D02BC4 /* Info.plist */,
				4B2ECC2723D092F100F56435 /* PropertyInfoWindow.xib */,
			);
			path = Alama360;
			sourceTree = "<group>";
		};
		4B4BBBA723C46E9200DB28C5 /* Views */ = {
			isa = PBXGroup;
			children = (
				4BEB3D4323CEECD7004C7F33 /* Search.storyboard */,
				4B4BBBAA23C46F1E00DB28C5 /* Reservations.storyboard */,
				4B4BBBAC23C46F8200DB28C5 /* Favourites.storyboard */,
				4B4BBBAE23C46F9F00DB28C5 /* More.storyboard */,
				4B04E438239B788100D02BC4 /* Main.storyboard */,
				4B04E43D239B788300D02BC4 /* LaunchScreen.storyboard */,
			);
			path = Views;
			sourceTree = "<group>";
		};
		4B4BBBB023C46FD900DB28C5 /* Tables */ = {
			isa = PBXGroup;
			children = (
				4B84A0FD23C4A922006E5237 /* Property360Cell.swift */,
				4B84A10123C4A96F006E5237 /* YoutubeCell.swift */,
				4B84A10323C4A9FC006E5237 /* PhotoGridCell.swift */,
				4B84A10523C4AA41006E5237 /* NamePolicyCell.swift */,
				4B84A10723C4AA67006E5237 /* FeatureCell.swift */,
				4B84A10923C4AA7D006E5237 /* LandmarkCell.swift */,
				4B84A10B23C4AA9F006E5237 /* PropertyMapCell.swift */,
				4B149C3723C5B6230021F5EF /* PdDescriptionCell.swift */,
				4B149C3923C6111E0021F5EF /* AllPhotosCell.swift */,
				4B43047223C73FB200160663 /* TermsAndConditionsCell.swift */,
				4B43047623C7622F00160663 /* PrivacyPolicyCell.swift */,
				4B3666B523D9B5FF0062EE8F /* DIYCalenderCell.swift */,
			);
			path = Tables;
			sourceTree = "<group>";
		};
		4B6DFE1F239E29A900543E3F /* Controllers */ = {
			isa = PBXGroup;
			children = (
				4B04E436239B788000D02BC4 /* MainViewController.swift */,
				4B7870C823B47D9000D360AC /* PropertyDetailsViewController.swift */,
				4BABFAB623A8BCE400F34EA4 /* addPropertyTermsViewController.swift */,
				4B6DFE17239E278600543E3F /* ReservationsViewController.swift */,
				4B6DFE19239E292800543E3F /* FavoritesViewController.swift */,
				4B6DFE1D239E299900543E3F /* SearchViewController.swift */,
				4B6DFE20239E84AA00543E3F /* ContactViewController.swift */,
				4BABFABA23AA647900F34EA4 /* BookingViewController.swift */,
				4B7870C123ADF5A000D360AC /* BookingTableViewCell.swift */,
				4B93206D23B7A5B5005861DD /* CustomCollectionGrid.swift */,
				4B83D88723B8CBC2003F38C9 /* FeatureTableViewCell.swift */,
				4B4008BB23B9F68E00AEE68C /* LandmarkTableViewCell.swift */,
				4B84A10D23C4B135006E5237 /* TbPropertyDetailsViewController.swift */,
				4B149C3B23C6116D0021F5EF /* AllPhotosViewController.swift */,
				4B43047423C7401800160663 /* TermsOfUseViewController.swift */,
				4B43047823C762EE00160663 /* PrivacyPolicyViewController.swift */,
				4B188D5123C99C9100CBBA36 /* FAQViewController.swift */,
				4B188D5323C9AAB200CBBA36 /* ProfileViewController.swift */,
				4B188D5723C9F45900CBBA36 /* MenuBar.swift */,
				4B4EAB2023CB5CAA005AEBA6 /* MoreTableViewController.swift */,
				4B9C21EE23CC545400090E94 /* ContactTableViewController.swift */,
				4B8491F123CD7DFD0094B035 /* MainTabBarController.swift */,
				4B8491F323CD83880094B035 /* ReservationTabItem.swift */,
				4B30DEBE23D0464F00069DBC /* MapViewController.swift */,
				4B2ECC2923D0947600F56435 /* PropertyInfoWindow.swift */,
				4B3666B323D988700062EE8F /* FCalenderViewController.swift */,
			);
			path = Controllers;
			sourceTree = "<group>";
		};
		4B7870C323AF7B4C00D360AC /* Model */ = {
			isa = PBXGroup;
			children = (
				4B7870C423B0D9C100D360AC /* FeatureModel.swift */,
				4B7870C623B0F7D400D360AC /* BookingModel.swift */,
				4B9012C323B775AC00E8C59D /* PhotosModel.swift */,
				4B30DEC023D0494C00069DBC /* MapModel.swift */,
				4B8A9D7023D5A2550019EC17 /* AllPhotoGalleryModel.swift */,
			);
			path = Model;
			sourceTree = "<group>";
		};
		4B83D88423B8C70B003F38C9 /* Extentions */ = {
			isa = PBXGroup;
			children = (
			);
			path = Extentions;
			sourceTree = "<group>";
		};
		4B9012BA23B75C2800E8C59D /* Utils */ = {
			isa = PBXGroup;
			children = (
				4B9012BD23B768B100E8C59D /* StaticUrls.swift */,
			);
			path = Utils;
			sourceTree = "<group>";
		};
		68D18603BAA83C38C43C5D71 /* Pods */ = {
			isa = PBXGroup;
			children = (
				AFFB3C0B381BEDFC77A7831A /* Pods-Alama360.debug.xcconfig */,
				61791E7D0797207E2B2380D0 /* Pods-Alama360.release.xcconfig */,
			);
			path = Pods;
			sourceTree = "<group>";
		};
/* End PBXGroup section */

/* Begin PBXNativeTarget section */
		4B04E42E239B788000D02BC4 /* Alama360 */ = {
			isa = PBXNativeTarget;
			buildConfigurationList = 4B04E443239B788300D02BC4 /* Build configuration list for PBXNativeTarget "Alama360" */;
			buildPhases = (
				560838FA495E1DCB55E67915 /* [CP] Check Pods Manifest.lock */,
				4B04E42B239B788000D02BC4 /* Sources */,
				4B04E42C239B788000D02BC4 /* Frameworks */,
				4B04E42D239B788000D02BC4 /* Resources */,
				BA132B846D284BD901EB9A9C /* [CP] Embed Pods Frameworks */,
				6BD97E160F46D6D910971F4F /* [CP] Copy Pods Resources */,
			);
			buildRules = (
			);
			dependencies = (
			);
			name = Alama360;
			productName = Alama360;
			productReference = 4B04E42F239B788000D02BC4 /* Alama360.app */;
			productType = "com.apple.product-type.application";
		};
/* End PBXNativeTarget section */

/* Begin PBXProject section */
		4B04E427239B788000D02BC4 /* Project object */ = {
			isa = PBXProject;
			attributes = {
				LastSwiftUpdateCheck = 1120;
				LastUpgradeCheck = 1120;
				ORGANIZATIONNAME = Alama360;
				TargetAttributes = {
					4B04E42E239B788000D02BC4 = {
						CreatedOnToolsVersion = 11.2.1;
					};
				};
			};
			buildConfigurationList = 4B04E42A239B788000D02BC4 /* Build configuration list for PBXProject "Alama360" */;
			compatibilityVersion = "Xcode 9.3";
			developmentRegion = en;
			hasScannedForEncodings = 0;
			knownRegions = (
				en,
				Base,
				ar,
			);
			mainGroup = 4B04E426239B788000D02BC4;
			productRefGroup = 4B04E430239B788000D02BC4 /* Products */;
			projectDirPath = "";
			projectRoot = "";
			targets = (
				4B04E42E239B788000D02BC4 /* Alama360 */,
			);
		};
/* End PBXProject section */

/* Begin PBXResourcesBuildPhase section */
		4B04E42D239B788000D02BC4 /* Resources */ = {
			isa = PBXResourcesBuildPhase;
			buildActionMask = 2147483647;
			files = (
				4B04E43F239B788300D02BC4 /* LaunchScreen.storyboard in Resources */,
				4B4BBBAF23C46F9F00DB28C5 /* More.storyboard in Resources */,
				4B04E44C239B7D1500D02BC4 /* Localizable.strings in Resources */,
				4B04E43C239B788300D02BC4 /* Assets.xcassets in Resources */,
				4B4BBBAD23C46F8200DB28C5 /* Favourites.storyboard in Resources */,
				4B04E43A239B788100D02BC4 /* Main.storyboard in Resources */,
				4BEB3D4123CEECD7004C7F33 /* Search.storyboard in Resources */,
				4B4BBBAB23C46F1E00DB28C5 /* Reservations.storyboard in Resources */,
				4B2ECC2823D092F100F56435 /* PropertyInfoWindow.xib in Resources */,
			);
			runOnlyForDeploymentPostprocessing = 0;
		};
/* End PBXResourcesBuildPhase section */

/* Begin PBXShellScriptBuildPhase section */
		560838FA495E1DCB55E67915 /* [CP] Check Pods Manifest.lock */ = {
			isa = PBXShellScriptBuildPhase;
			buildActionMask = 2147483647;
			files = (
			);
			inputFileListPaths = (
			);
			inputPaths = (
				"${PODS_PODFILE_DIR_PATH}/Podfile.lock",
				"${PODS_ROOT}/Manifest.lock",
			);
			name = "[CP] Check Pods Manifest.lock";
			outputFileListPaths = (
			);
			outputPaths = (
				"$(DERIVED_FILE_DIR)/Pods-Alama360-checkManifestLockResult.txt",
			);
			runOnlyForDeploymentPostprocessing = 0;
			shellPath = /bin/sh;
			shellScript = "diff \"${PODS_PODFILE_DIR_PATH}/Podfile.lock\" \"${PODS_ROOT}/Manifest.lock\" > /dev/null\nif [ $? != 0 ] ; then\n    # print error to STDERR\n    echo \"error: The sandbox is not in sync with the Podfile.lock. Run 'pod install' or update your CocoaPods installation.\" >&2\n    exit 1\nfi\n# This output is used by Xcode 'outputs' to avoid re-running this script phase.\necho \"SUCCESS\" > \"${SCRIPT_OUTPUT_FILE_0}\"\n";
			showEnvVarsInLog = 0;
		};
		6BD97E160F46D6D910971F4F /* [CP] Copy Pods Resources */ = {
			isa = PBXShellScriptBuildPhase;
			buildActionMask = 2147483647;
			files = (
			);
			inputFileListPaths = (
				"${PODS_ROOT}/Target Support Files/Pods-Alama360/Pods-Alama360-resources-${CONFIGURATION}-input-files.xcfilelist",
			);
			name = "[CP] Copy Pods Resources";
			outputFileListPaths = (
				"${PODS_ROOT}/Target Support Files/Pods-Alama360/Pods-Alama360-resources-${CONFIGURATION}-output-files.xcfilelist",
			);
			runOnlyForDeploymentPostprocessing = 0;
			shellPath = /bin/sh;
			shellScript = "\"${PODS_ROOT}/Target Support Files/Pods-Alama360/Pods-Alama360-resources.sh\"\n";
			showEnvVarsInLog = 0;
		};
		BA132B846D284BD901EB9A9C /* [CP] Embed Pods Frameworks */ = {
			isa = PBXShellScriptBuildPhase;
			buildActionMask = 2147483647;
			files = (
			);
			inputFileListPaths = (
				"${PODS_ROOT}/Target Support Files/Pods-Alama360/Pods-Alama360-frameworks-${CONFIGURATION}-input-files.xcfilelist",
			);
			name = "[CP] Embed Pods Frameworks";
			outputFileListPaths = (
				"${PODS_ROOT}/Target Support Files/Pods-Alama360/Pods-Alama360-frameworks-${CONFIGURATION}-output-files.xcfilelist",
			);
			runOnlyForDeploymentPostprocessing = 0;
			shellPath = /bin/sh;
			shellScript = "\"${PODS_ROOT}/Target Support Files/Pods-Alama360/Pods-Alama360-frameworks.sh\"\n";
			showEnvVarsInLog = 0;
		};
/* End PBXShellScriptBuildPhase section */

/* Begin PBXSourcesBuildPhase section */
		4B04E42B239B788000D02BC4 /* Sources */ = {
			isa = PBXSourcesBuildPhase;
			buildActionMask = 2147483647;
			files = (
				4BABFAB723A8BCE400F34EA4 /* addPropertyTermsViewController.swift in Sources */,
				4B93206E23B7A5B5005861DD /* CustomCollectionGrid.swift in Sources */,
				4B9012BE23B768B100E8C59D /* StaticUrls.swift in Sources */,
				4B84A10623C4AA41006E5237 /* NamePolicyCell.swift in Sources */,
				4B84A10E23C4B135006E5237 /* TbPropertyDetailsViewController.swift in Sources */,
				4B7870C223ADF5A000D360AC /* BookingTableViewCell.swift in Sources */,
				4B04E437239B788000D02BC4 /* MainViewController.swift in Sources */,
				4B43047723C7622F00160663 /* PrivacyPolicyCell.swift in Sources */,
				4B84A10C23C4AA9F006E5237 /* PropertyMapCell.swift in Sources */,
				4B149C3A23C6111E0021F5EF /* AllPhotosCell.swift in Sources */,
				4B9012C423B775AC00E8C59D /* PhotosModel.swift in Sources */,
				4B30DEBF23D0464F00069DBC /* MapViewController.swift in Sources */,
				4B7870C523B0D9C100D360AC /* FeatureModel.swift in Sources */,
				4B9C21EF23CC545400090E94 /* ContactTableViewController.swift in Sources */,
				4B6DFE1E239E299900543E3F /* SearchViewController.swift in Sources */,
				4B149C3C23C6116D0021F5EF /* AllPhotosViewController.swift in Sources */,
				4B8491F423CD83880094B035 /* ReservationTabItem.swift in Sources */,
				4B43047923C762EE00160663 /* PrivacyPolicyViewController.swift in Sources */,
				4B04E457239B843F00D02BC4 /* LocalizationSystem.swift in Sources */,
				4B43047523C7401800160663 /* TermsOfUseViewController.swift in Sources */,
				4B3666B623D9B5FF0062EE8F /* DIYCalenderCell.swift in Sources */,
				4B1CE33023A24A7800C0FC01 /* MainCell.swift in Sources */,
				4B7870C923B47D9100D360AC /* PropertyDetailsViewController.swift in Sources */,
				4B188D5223C99C9100CBBA36 /* FAQViewController.swift in Sources */,
				4B84A0FE23C4A922006E5237 /* Property360Cell.swift in Sources */,
				4B83D88823B8CBC2003F38C9 /* FeatureTableViewCell.swift in Sources */,
				4B04E433239B788000D02BC4 /* AppDelegate.swift in Sources */,
				4B149C3823C5B6230021F5EF /* PdDescriptionCell.swift in Sources */,
				4B84A10823C4AA67006E5237 /* FeatureCell.swift in Sources */,
				4B30DEC123D0494C00069DBC /* MapModel.swift in Sources */,
				4B8A9D7123D5A2550019EC17 /* AllPhotoGalleryModel.swift in Sources */,
				4B43047323C73FB200160663 /* TermsAndConditionsCell.swift in Sources */,
				4B6DFE21239E84AA00543E3F /* ContactViewController.swift in Sources */,
				4B188D5423C9AAB200CBBA36 /* ProfileViewController.swift in Sources */,
				4B84A10223C4A96F006E5237 /* YoutubeCell.swift in Sources */,
				4B3666B423D988700062EE8F /* FCalenderViewController.swift in Sources */,
				4B84A10A23C4AA7D006E5237 /* LandmarkCell.swift in Sources */,
				4B8491F223CD7DFD0094B035 /* MainTabBarController.swift in Sources */,
				4B2ECC2A23D0947600F56435 /* PropertyInfoWindow.swift in Sources */,
				4B6DFE18239E278600543E3F /* ReservationsViewController.swift in Sources */,
				4B188D5823C9F45900CBBA36 /* MenuBar.swift in Sources */,
				4B6DFE1A239E292800543E3F /* FavoritesViewController.swift in Sources */,
				4BABFABB23AA647900F34EA4 /* BookingViewController.swift in Sources */,
				4B04E435239B788000D02BC4 /* SceneDelegate.swift in Sources */,
				4B4008BC23B9F68E00AEE68C /* LandmarkTableViewCell.swift in Sources */,
				4B84A10423C4A9FC006E5237 /* PhotoGridCell.swift in Sources */,
				4B4EAB2123CB5CAA005AEBA6 /* MoreTableViewController.swift in Sources */,
				4B7870C723B0F7D400D360AC /* BookingModel.swift in Sources */,
			);
			runOnlyForDeploymentPostprocessing = 0;
		};
/* End PBXSourcesBuildPhase section */

/* Begin PBXVariantGroup section */
		4B04E438239B788100D02BC4 /* Main.storyboard */ = {
			isa = PBXVariantGroup;
			children = (
				4B04E439239B788100D02BC4 /* Base */,
				4BEB3D4923CEFD6B004C7F33 /* ar */,
			);
			name = Main.storyboard;
			sourceTree = "<group>";
		};
		4B04E43D239B788300D02BC4 /* LaunchScreen.storyboard */ = {
			isa = PBXVariantGroup;
			children = (
				4B04E43E239B788300D02BC4 /* Base */,
				4B04E449239B7C7B00D02BC4 /* ar */,
			);
			name = LaunchScreen.storyboard;
			sourceTree = "<group>";
		};
		4B04E44E239B7D1500D02BC4 /* Localizable.strings */ = {
			isa = PBXVariantGroup;
			children = (
				4B04E44D239B7D1500D02BC4 /* ar */,
				4B04E44F239B7D1F00D02BC4 /* en */,
			);
			name = Localizable.strings;
			sourceTree = "<group>";
		};
		4BEB3D4323CEECD7004C7F33 /* Search.storyboard */ = {
			isa = PBXVariantGroup;
			children = (
				4BEB3D4223CEECD7004C7F33 /* Base */,
				4BEB3D4523CEED0C004C7F33 /* ar */,
			);
			name = Search.storyboard;
			sourceTree = "<group>";
		};
/* End PBXVariantGroup section */

/* Begin XCBuildConfiguration section */
		4B04E441239B788300D02BC4 /* Debug */ = {
			isa = XCBuildConfiguration;
			buildSettings = {
				ALWAYS_SEARCH_USER_PATHS = NO;
				CLANG_ANALYZER_LOCALIZABILITY_NONLOCALIZED = YES;
				CLANG_ANALYZER_NONNULL = YES;
				CLANG_ANALYZER_NUMBER_OBJECT_CONVERSION = YES_AGGRESSIVE;
				CLANG_CXX_LANGUAGE_STANDARD = "gnu++14";
				CLANG_CXX_LIBRARY = "libc++";
				CLANG_ENABLE_MODULES = YES;
				CLANG_ENABLE_OBJC_ARC = YES;
				CLANG_ENABLE_OBJC_WEAK = YES;
				CLANG_WARN_BLOCK_CAPTURE_AUTORELEASING = YES;
				CLANG_WARN_BOOL_CONVERSION = YES;
				CLANG_WARN_COMMA = YES;
				CLANG_WARN_CONSTANT_CONVERSION = YES;
				CLANG_WARN_DEPRECATED_OBJC_IMPLEMENTATIONS = YES;
				CLANG_WARN_DIRECT_OBJC_ISA_USAGE = YES_ERROR;
				CLANG_WARN_DOCUMENTATION_COMMENTS = YES;
				CLANG_WARN_EMPTY_BODY = YES;
				CLANG_WARN_ENUM_CONVERSION = YES;
				CLANG_WARN_INFINITE_RECURSION = YES;
				CLANG_WARN_INT_CONVERSION = YES;
				CLANG_WARN_NON_LITERAL_NULL_CONVERSION = YES;
				CLANG_WARN_OBJC_IMPLICIT_RETAIN_SELF = YES;
				CLANG_WARN_OBJC_LITERAL_CONVERSION = YES;
				CLANG_WARN_OBJC_ROOT_CLASS = YES_ERROR;
				CLANG_WARN_RANGE_LOOP_ANALYSIS = YES;
				CLANG_WARN_STRICT_PROTOTYPES = YES;
				CLANG_WARN_SUSPICIOUS_MOVE = YES;
				CLANG_WARN_UNGUARDED_AVAILABILITY = YES_AGGRESSIVE;
				CLANG_WARN_UNREACHABLE_CODE = YES;
				CLANG_WARN__DUPLICATE_METHOD_MATCH = YES;
				COPY_PHASE_STRIP = NO;
				DEBUG_INFORMATION_FORMAT = dwarf;
				ENABLE_STRICT_OBJC_MSGSEND = YES;
				ENABLE_TESTABILITY = YES;
				GCC_C_LANGUAGE_STANDARD = gnu11;
				GCC_DYNAMIC_NO_PIC = NO;
				GCC_NO_COMMON_BLOCKS = YES;
				GCC_OPTIMIZATION_LEVEL = 0;
				GCC_PREPROCESSOR_DEFINITIONS = (
					"DEBUG=1",
					"$(inherited)",
				);
				GCC_WARN_64_TO_32_BIT_CONVERSION = YES;
				GCC_WARN_ABOUT_RETURN_TYPE = YES_ERROR;
				GCC_WARN_UNDECLARED_SELECTOR = YES;
				GCC_WARN_UNINITIALIZED_AUTOS = YES_AGGRESSIVE;
				GCC_WARN_UNUSED_FUNCTION = YES;
				GCC_WARN_UNUSED_VARIABLE = YES;
				IPHONEOS_DEPLOYMENT_TARGET = 13.2;
				MTL_ENABLE_DEBUG_INFO = INCLUDE_SOURCE;
				MTL_FAST_MATH = YES;
				ONLY_ACTIVE_ARCH = YES;
				SDKROOT = iphoneos;
				SWIFT_ACTIVE_COMPILATION_CONDITIONS = DEBUG;
				SWIFT_OPTIMIZATION_LEVEL = "-Onone";
			};
			name = Debug;
		};
		4B04E442239B788300D02BC4 /* Release */ = {
			isa = XCBuildConfiguration;
			buildSettings = {
				ALWAYS_SEARCH_USER_PATHS = NO;
				CLANG_ANALYZER_LOCALIZABILITY_NONLOCALIZED = YES;
				CLANG_ANALYZER_NONNULL = YES;
				CLANG_ANALYZER_NUMBER_OBJECT_CONVERSION = YES_AGGRESSIVE;
				CLANG_CXX_LANGUAGE_STANDARD = "gnu++14";
				CLANG_CXX_LIBRARY = "libc++";
				CLANG_ENABLE_MODULES = YES;
				CLANG_ENABLE_OBJC_ARC = YES;
				CLANG_ENABLE_OBJC_WEAK = YES;
				CLANG_WARN_BLOCK_CAPTURE_AUTORELEASING = YES;
				CLANG_WARN_BOOL_CONVERSION = YES;
				CLANG_WARN_COMMA = YES;
				CLANG_WARN_CONSTANT_CONVERSION = YES;
				CLANG_WARN_DEPRECATED_OBJC_IMPLEMENTATIONS = YES;
				CLANG_WARN_DIRECT_OBJC_ISA_USAGE = YES_ERROR;
				CLANG_WARN_DOCUMENTATION_COMMENTS = YES;
				CLANG_WARN_EMPTY_BODY = YES;
				CLANG_WARN_ENUM_CONVERSION = YES;
				CLANG_WARN_INFINITE_RECURSION = YES;
				CLANG_WARN_INT_CONVERSION = YES;
				CLANG_WARN_NON_LITERAL_NULL_CONVERSION = YES;
				CLANG_WARN_OBJC_IMPLICIT_RETAIN_SELF = YES;
				CLANG_WARN_OBJC_LITERAL_CONVERSION = YES;
				CLANG_WARN_OBJC_ROOT_CLASS = YES_ERROR;
				CLANG_WARN_RANGE_LOOP_ANALYSIS = YES;
				CLANG_WARN_STRICT_PROTOTYPES = YES;
				CLANG_WARN_SUSPICIOUS_MOVE = YES;
				CLANG_WARN_UNGUARDED_AVAILABILITY = YES_AGGRESSIVE;
				CLANG_WARN_UNREACHABLE_CODE = YES;
				CLANG_WARN__DUPLICATE_METHOD_MATCH = YES;
				COPY_PHASE_STRIP = NO;
				DEBUG_INFORMATION_FORMAT = "dwarf-with-dsym";
				ENABLE_NS_ASSERTIONS = NO;
				ENABLE_STRICT_OBJC_MSGSEND = YES;
				GCC_C_LANGUAGE_STANDARD = gnu11;
				GCC_NO_COMMON_BLOCKS = YES;
				GCC_WARN_64_TO_32_BIT_CONVERSION = YES;
				GCC_WARN_ABOUT_RETURN_TYPE = YES_ERROR;
				GCC_WARN_UNDECLARED_SELECTOR = YES;
				GCC_WARN_UNINITIALIZED_AUTOS = YES_AGGRESSIVE;
				GCC_WARN_UNUSED_FUNCTION = YES;
				GCC_WARN_UNUSED_VARIABLE = YES;
				IPHONEOS_DEPLOYMENT_TARGET = 13.2;
				MTL_ENABLE_DEBUG_INFO = NO;
				MTL_FAST_MATH = YES;
				SDKROOT = iphoneos;
				SWIFT_COMPILATION_MODE = wholemodule;
				SWIFT_OPTIMIZATION_LEVEL = "-O";
				VALIDATE_PRODUCT = YES;
			};
			name = Release;
		};
		4B04E444239B788300D02BC4 /* Debug */ = {
			isa = XCBuildConfiguration;
			baseConfigurationReference = AFFB3C0B381BEDFC77A7831A /* Pods-Alama360.debug.xcconfig */;
			buildSettings = {
				ASSETCATALOG_COMPILER_APPICON_NAME = AppIcon;
				CODE_SIGN_STYLE = Automatic;
				DEVELOPMENT_TEAM = 2UR8A6SD4J;
				INFOPLIST_FILE = Alama360/Info.plist;
				LD_RUNPATH_SEARCH_PATHS = (
					"$(inherited)",
					"@executable_path/Frameworks",
				);
				PRODUCT_BUNDLE_IDENTIFIER = com.alama360.web;
				PRODUCT_NAME = "$(TARGET_NAME)";
				SWIFT_VERSION = 5.0;
				TARGETED_DEVICE_FAMILY = "1,2";
			};
			name = Debug;
		};
		4B04E445239B788300D02BC4 /* Release */ = {
			isa = XCBuildConfiguration;
			baseConfigurationReference = 61791E7D0797207E2B2380D0 /* Pods-Alama360.release.xcconfig */;
			buildSettings = {
				ASSETCATALOG_COMPILER_APPICON_NAME = AppIcon;
				CODE_SIGN_STYLE = Automatic;
				DEVELOPMENT_TEAM = 2UR8A6SD4J;
				INFOPLIST_FILE = Alama360/Info.plist;
				LD_RUNPATH_SEARCH_PATHS = (
					"$(inherited)",
					"@executable_path/Frameworks",
				);
				PRODUCT_BUNDLE_IDENTIFIER = com.alama360.web;
				PRODUCT_NAME = "$(TARGET_NAME)";
				SWIFT_VERSION = 5.0;
				TARGETED_DEVICE_FAMILY = "1,2";
			};
			name = Release;
		};
/* End XCBuildConfiguration section */

/* Begin XCConfigurationList section */
		4B04E42A239B788000D02BC4 /* Build configuration list for PBXProject "Alama360" */ = {
			isa = XCConfigurationList;
			buildConfigurations = (
				4B04E441239B788300D02BC4 /* Debug */,
				4B04E442239B788300D02BC4 /* Release */,
			);
			defaultConfigurationIsVisible = 0;
			defaultConfigurationName = Release;
		};
		4B04E443239B788300D02BC4 /* Build configuration list for PBXNativeTarget "Alama360" */ = {
			isa = XCConfigurationList;
			buildConfigurations = (
				4B04E444239B788300D02BC4 /* Debug */,
				4B04E445239B788300D02BC4 /* Release */,
			);
			defaultConfigurationIsVisible = 0;
			defaultConfigurationName = Release;
		};
/* End XCConfigurationList section */
	};
	rootObject = 4B04E427239B788000D02BC4 /* Project object */;
}
